
Microsoft Visual Studio Solution File, Format Version 12.00
# Visual Studio 14
VisualStudioVersion = 14.0.25420.1
MinimumVisualStudioVersion = 10.0.40219.1
Project("{FAE04EC0-301F-11D3-BF4B-00C04F79EFBC}") = "IpsLiquidacionesGUI", "IpsLiquidacionesGUI\IpsLiquidacionesGUI.csproj", "{21A91713-34F4-4E6E-A6D4-53AA5F7CC03A}"
EndProject
Project("{FAE04EC0-301F-11D3-BF4B-00C04F79EFBC}") = "ENTITY", "ENTITY\ENTITY.csproj", "{BB98AFEE-2226-498E-A0CD-8301695BC3F8}"
EndProject
Project("{FAE04EC0-301F-11D3-BF4B-00C04F79EFBC}") = "BLL", "BLL\BLL.csproj", "{7B97D88D-AAB0-43DF-833C-06CFBF4D8348}"
EndProject
Project("{FAE04EC0-301F-11D3-BF4B-00C04F79EFBC}") = "DAL", "DAL\DAL.csproj", "{F2019417-9C0F-4A38-ACEB-FA96AA31F70E}"
EndProject
Global
	GlobalSection(SolutionConfigurationPlatforms) = preSolution
		Debug|Any CPU = Debug|Any CPU
		Release|Any CPU = Release|Any CPU
	EndGlobalSection
	GlobalSection(ProjectConfigurationPlatforms) = postSolution
		{21A91713-34F4-4E6E-A6D4-53AA5F7CC03A}.Debug|Any CPU.ActiveCfg = Debug|Any CPU
		{21A91713-34F4-4E6E-A6D4-53AA5F7CC03A}.Debug|Any CPU.Build.0 = Debug|Any CPU
		{21A91713-34F4-4E6E-A6D4-53AA5F7CC03A}.Release|Any CPU.ActiveCfg = Release|Any CPU
		{21A91713-34F4-4E6E-A6D4-53AA5F7CC03A}.Release|Any CPU.Build.0 = Release|Any CPU
		{BB98AFEE-2226-498E-A0CD-8301695BC3F8}.Debug|Any CPU.ActiveCfg = Debug|Any CPU
		{BB98AFEE-2226-498E-A0CD-8301695BC3F8}.Debug|Any CPU.Build.0 = Debug|Any CPU
		{BB98AFEE-2226-498E-A0CD-8301695BC3F8}.Release|Any CPU.ActiveCfg = Release|Any CPU
		{BB98AFEE-2226-498E-A0CD-8301695BC3F8}.Release|Any CPU.Build.0 = Release|Any CPU
		{7B97D88D-AAB0-43DF-833C-06CFBF4D8348}.Debug|Any CPU.ActiveCfg = Debug|Any CPU
		{7B97D88D-AAB0-43DF-833C-06CFBF4D8348}.Debug|Any CPU.Build.0 = Debug|Any CPU
		{7B97D88D-AAB0-43DF-833C-06CFBF4D8348}.Release|Any CPU.ActiveCfg = Release|Any CPU
		{7B97D88D-AAB0-43DF-833C-06CFBF4D8348}.Release|Any CPU.Build.0 = Release|Any CPU
		{F2019417-9C0F-4A38-ACEB-FA96AA31F70E}.Debug|Any CPU.ActiveCfg = Debug|Any CPU
		{F2019417-9C0F-4A38-ACEB-FA96AA31F70E}.Debug|Any CPU.Build.0 = Debug|Any CPU
		{F2019417-9C0F-4A38-ACEB-FA96AA31F70E}.Release|Any CPU.ActiveCfg = Release|Any CPU
		{F2019417-9C0F-4A38-ACEB-FA96AA31F70E}.Release|Any CPU.Build.0 = Release|Any CPU
	EndGlobalSection
	GlobalSection(SolutionProperties) = preSolution
		HideSolutionNode = FALSE
	EndGlobalSection
EndGlobal
